
Microsoft Visual Studio Solution File, Format Version 12.00
# Visual Studio 14
VisualStudioVersion = 14.0.25420.1
MinimumVisualStudioVersion = 10.0.40219.1
Project("{FAE04EC0-301F-11D3-BF4B-00C04F79EFBC}") = "UrnikGooG", "UrnikGooG\UrnikGooG.csproj", "{3C57A110-C21B-40D4-B9CF-58A752AC4A48}"
EndProject
Project("{00D1A9C2-B5F0-4AF3-8072-F6C62B433612}") = "UrnikGooG_BAZA", "UrnikGooG_BAZA\UrnikGooG_BAZA.sqlproj", "{F2449456-FD3F-4F4C-AEBF-49F4DFCF4420}"
EndProject
Project("{FAE04EC0-301F-11D3-BF4B-00C04F79EFBC}") = "UrnikGooG_AdminClient", "UrnikGooG_AdminClient\UrnikGooG_AdminClient.csproj", "{40AE8C18-EAEB-4166-897D-A7F7B636138F}"
EndProject
Project("{FAE04EC0-301F-11D3-BF4B-00C04F79EFBC}") = "UrnikGooG_UporabnikClient", "UrnikGooG_UporabnikClient\UrnikGooG_UporabnikClient.csproj", "{E6ED4B6C-0329-4B5E-93B7-5126450DF6FC}"
EndProject
Global
	GlobalSection(SolutionConfigurationPlatforms) = preSolution
		Debug|Any CPU = Debug|Any CPU
		Release|Any CPU = Release|Any CPU
	EndGlobalSection
	GlobalSection(ProjectConfigurationPlatforms) = postSolution
		{3C57A110-C21B-40D4-B9CF-58A752AC4A48}.Debug|Any CPU.ActiveCfg = Debug|Any CPU
		{3C57A110-C21B-40D4-B9CF-58A752AC4A48}.Debug|Any CPU.Build.0 = Debug|Any CPU
		{3C57A110-C21B-40D4-B9CF-58A752AC4A48}.Release|Any CPU.ActiveCfg = Release|Any CPU
		{3C57A110-C21B-40D4-B9CF-58A752AC4A48}.Release|Any CPU.Build.0 = Release|Any CPU
		{F2449456-FD3F-4F4C-AEBF-49F4DFCF4420}.Debug|Any CPU.ActiveCfg = Debug|Any CPU
		{F2449456-FD3F-4F4C-AEBF-49F4DFCF4420}.Debug|Any CPU.Build.0 = Debug|Any CPU
		{F2449456-FD3F-4F4C-AEBF-49F4DFCF4420}.Debug|Any CPU.Deploy.0 = Debug|Any CPU
		{F2449456-FD3F-4F4C-AEBF-49F4DFCF4420}.Release|Any CPU.ActiveCfg = Release|Any CPU
		{F2449456-FD3F-4F4C-AEBF-49F4DFCF4420}.Release|Any CPU.Build.0 = Release|Any CPU
		{F2449456-FD3F-4F4C-AEBF-49F4DFCF4420}.Release|Any CPU.Deploy.0 = Release|Any CPU
		{40AE8C18-EAEB-4166-897D-A7F7B636138F}.Debug|Any CPU.ActiveCfg = Debug|Any CPU
		{40AE8C18-EAEB-4166-897D-A7F7B636138F}.Debug|Any CPU.Build.0 = Debug|Any CPU
		{40AE8C18-EAEB-4166-897D-A7F7B636138F}.Release|Any CPU.ActiveCfg = Release|Any CPU
		{40AE8C18-EAEB-4166-897D-A7F7B636138F}.Release|Any CPU.Build.0 = Release|Any CPU
		{E6ED4B6C-0329-4B5E-93B7-5126450DF6FC}.Debug|Any CPU.ActiveCfg = Debug|Any CPU
		{E6ED4B6C-0329-4B5E-93B7-5126450DF6FC}.Debug|Any CPU.Build.0 = Debug|Any CPU
		{E6ED4B6C-0329-4B5E-93B7-5126450DF6FC}.Release|Any CPU.ActiveCfg = Release|Any CPU
		{E6ED4B6C-0329-4B5E-93B7-5126450DF6FC}.Release|Any CPU.Build.0 = Release|Any CPU
	EndGlobalSection
	GlobalSection(SolutionProperties) = preSolution
		HideSolutionNode = FALSE
	EndGlobalSection
EndGlobal
