
Microsoft Visual Studio Solution File, Format Version 12.00
# Visual Studio Version 16
VisualStudioVersion = 16.0.31613.86
MinimumVisualStudioVersion = 10.0.40219.1
Project("{FAE04EC0-301F-11D3-BF4B-00C04F79EFBC}") = "Nal_01", "tocilnicaPijace_naloga01\Nal_01.csproj", "{2F1FA41E-B5D9-41B8-A899-81CC998BC97A}"
EndProject
Project("{FAE04EC0-301F-11D3-BF4B-00C04F79EFBC}") = "Nal_02", "tocilnicaPijace_naloga02\Nal_02.csproj", "{0C22C261-74F4-444F-B4BD-E8B79FBAEE7F}"
EndProject
Global
	GlobalSection(SolutionConfigurationPlatforms) = preSolution
		Debug|Any CPU = Debug|Any CPU
		Release|Any CPU = Release|Any CPU
	EndGlobalSection
	GlobalSection(ProjectConfigurationPlatforms) = postSolution
		{2F1FA41E-B5D9-41B8-A899-81CC998BC97A}.Debug|Any CPU.ActiveCfg = Debug|Any CPU
		{2F1FA41E-B5D9-41B8-A899-81CC998BC97A}.Debug|Any CPU.Build.0 = Debug|Any CPU
		{2F1FA41E-B5D9-41B8-A899-81CC998BC97A}.Release|Any CPU.ActiveCfg = Release|Any CPU
		{2F1FA41E-B5D9-41B8-A899-81CC998BC97A}.Release|Any CPU.Build.0 = Release|Any CPU
		{0C22C261-74F4-444F-B4BD-E8B79FBAEE7F}.Debug|Any CPU.ActiveCfg = Debug|Any CPU
		{0C22C261-74F4-444F-B4BD-E8B79FBAEE7F}.Debug|Any CPU.Build.0 = Debug|Any CPU
		{0C22C261-74F4-444F-B4BD-E8B79FBAEE7F}.Release|Any CPU.ActiveCfg = Release|Any CPU
		{0C22C261-74F4-444F-B4BD-E8B79FBAEE7F}.Release|Any CPU.Build.0 = Release|Any CPU
	EndGlobalSection
	GlobalSection(SolutionProperties) = preSolution
		HideSolutionNode = FALSE
	EndGlobalSection
	GlobalSection(ExtensibilityGlobals) = postSolution
		SolutionGuid = {DADF9B46-8973-457C-A580-75459C8BD777}
	EndGlobalSection
EndGlobal
